
Microsoft Visual Studio Solution File, Format Version 12.00
# Visual Studio Version 16
VisualStudioVersion = 16.0.29709.97
MinimumVisualStudioVersion = 10.0.40219.1
Project("{FAE04EC0-301F-11D3-BF4B-00C04F79EFBC}") = "Program", "DefangIP\Program.csproj", "{BE21E5CC-A2BF-4CD0-A9C5-FC9C98BCA530}"
EndProject
Project("{FAE04EC0-301F-11D3-BF4B-00C04F79EFBC}") = "Decompress", "..\Decompress\Decompress.csproj", "{09E53FDD-FF81-4F11-81E2-EF17C2232749}"
EndProject
Project("{FAE04EC0-301F-11D3-BF4B-00C04F79EFBC}") = "StringCompression", "..\StringCompression\StringCompression.csproj", "{B84FD093-AABA-42E1-BEDB-820729D439EC}"
EndProject
Global
	GlobalSection(SolutionConfigurationPlatforms) = preSolution
		Debug|Any CPU = Debug|Any CPU
		Release|Any CPU = Release|Any CPU
	EndGlobalSection
	GlobalSection(ProjectConfigurationPlatforms) = postSolution
		{BE21E5CC-A2BF-4CD0-A9C5-FC9C98BCA530}.Debug|Any CPU.ActiveCfg = Debug|Any CPU
		{BE21E5CC-A2BF-4CD0-A9C5-FC9C98BCA530}.Debug|Any CPU.Build.0 = Debug|Any CPU
		{BE21E5CC-A2BF-4CD0-A9C5-FC9C98BCA530}.Release|Any CPU.ActiveCfg = Release|Any CPU
		{BE21E5CC-A2BF-4CD0-A9C5-FC9C98BCA530}.Release|Any CPU.Build.0 = Release|Any CPU
		{09E53FDD-FF81-4F11-81E2-EF17C2232749}.Debug|Any CPU.ActiveCfg = Debug|Any CPU
		{09E53FDD-FF81-4F11-81E2-EF17C2232749}.Debug|Any CPU.Build.0 = Debug|Any CPU
		{09E53FDD-FF81-4F11-81E2-EF17C2232749}.Release|Any CPU.ActiveCfg = Release|Any CPU
		{09E53FDD-FF81-4F11-81E2-EF17C2232749}.Release|Any CPU.Build.0 = Release|Any CPU
		{B84FD093-AABA-42E1-BEDB-820729D439EC}.Debug|Any CPU.ActiveCfg = Debug|Any CPU
		{B84FD093-AABA-42E1-BEDB-820729D439EC}.Debug|Any CPU.Build.0 = Debug|Any CPU
		{B84FD093-AABA-42E1-BEDB-820729D439EC}.Release|Any CPU.ActiveCfg = Release|Any CPU
		{B84FD093-AABA-42E1-BEDB-820729D439EC}.Release|Any CPU.Build.0 = Release|Any CPU
	EndGlobalSection
	GlobalSection(SolutionProperties) = preSolution
		HideSolutionNode = FALSE
	EndGlobalSection
	GlobalSection(ExtensibilityGlobals) = postSolution
		SolutionGuid = {54330183-3AC7-4918-964E-AD4D9A1C67AD}
	EndGlobalSection
EndGlobal
